{
  "name": "js-calendar-converter",
  "version": "0.0.1",
  "lockfileVersion": 2,
  "requires": true,
  "packages": {
    "": {
      "name": "js-calendar-converter",
      "version": "0.0.1",
      "license": "GPL-3.0-or-later",
      "dependencies": {
        "calendar-converter": "^2.1.4"
      }
    },
    "node_modules/calendar-converter": {
      "version": "2.1.4",
      "resolved": "https://registry.npmmirror.com/calendar-converter/-/calendar-converter-2.1.4.tgz",
      "integrity": "sha512-EtG+3eYJ9z8I5urTJH8Ou6yozbO2ivQe3E6isdms186i4grEgcncbYum/GUmgTg7aD1qPmBkh6fWYIXcd0XPmw=="
    }
  },
  "dependencies": {
    "calendar-converter": {
      "version": "2.1.4",
      "resolved": "https://registry.npmmirror.com/calendar-converter/-/calendar-converter-2.1.4.tgz",
      "integrity": "sha512-EtG+3eYJ9z8I5urTJH8Ou6yozbO2ivQe3E6isdms186i4grEgcncbYum/GUmgTg7aD1qPmBkh6fWYIXcd0XPmw=="
    }
  }
}
